{
  "name": "cone",
  "version": "0.1.0",
  "lockfileVersion": 2,
  "requires": true,
  "packages": {
    "": {
      "name": "cone",
      "version": "0.1.0",
      "license": "MIT",
      "devDependencies": {
        "typescript": "^4.7.0-dev.20220401"
      }
    },
    "node_modules/typescript": {
      "version": "4.7.0-dev.20220402",
      "resolved": "https://registry.npmjs.org/typescript/-/typescript-4.7.0-dev.20220402.tgz",
      "integrity": "sha512-0T97mVZ2t5hF3K9uWWvLqrGByAwwauXWMTJ09AWQKPMyzyo5WUFJr/XEOPbnamPNjVX4YtqerCf8uf49XYbqKg==",
      "dev": true,
      "bin": {
        "tsc": "bin/tsc",
        "tsserver": "bin/tsserver"
      },
      "engines": {
        "node": ">=4.2.0"
      }
    }
  },
  "dependencies": {
    "typescript": {
      "version": "4.7.0-dev.20220402",
      "resolved": "https://registry.npmjs.org/typescript/-/typescript-4.7.0-dev.20220402.tgz",
      "integrity": "sha512-0T97mVZ2t5hF3K9uWWvLqrGByAwwauXWMTJ09AWQKPMyzyo5WUFJr/XEOPbnamPNjVX4YtqerCf8uf49XYbqKg==",
      "dev": true
    }
  }
}
